
Microsoft Visual Studio Solution File, Format Version 12.00
# Visual Studio Version 17
VisualStudioVersion = 17.4.33122.133
MinimumVisualStudioVersion = 10.0.40219.1
Project("{9A19103F-16F7-4668-BE54-9A1E7A4F7556}") = "Models", "Models\Models.csproj", "{A984DD60-B6DD-4800-B4C2-582778DB1353}"
EndProject
Project("{9A19103F-16F7-4668-BE54-9A1E7A4F7556}") = "Repository", "Repository\Repository.csproj", "{C6109E38-8CAA-4329-8943-BB6497622EC5}"
EndProject
Project("{9A19103F-16F7-4668-BE54-9A1E7A4F7556}") = "DAO", "DAO\DAO.csproj", "{C658EA96-23C8-4937-A10B-74159BF13C7D}"
EndProject
Project("{9A19103F-16F7-4668-BE54-9A1E7A4F7556}") = "FUExchangeClient", "FUExchangeClient\FUExchangeClient.csproj", "{2ECEC177-3594-421A-8340-24B4C3EDAB1B}"
EndProject
Project("{9A19103F-16F7-4668-BE54-9A1E7A4F7556}") = "Service", "Service\Service.csproj", "{55BB5F1E-FA12-40FE-B7D7-EA06423A5CE9}"
EndProject
Global
	GlobalSection(SolutionConfigurationPlatforms) = preSolution
		Debug|Any CPU = Debug|Any CPU
		Release|Any CPU = Release|Any CPU
	EndGlobalSection
	GlobalSection(ProjectConfigurationPlatforms) = postSolution
		{A984DD60-B6DD-4800-B4C2-582778DB1353}.Debug|Any CPU.ActiveCfg = Debug|Any CPU
		{A984DD60-B6DD-4800-B4C2-582778DB1353}.Debug|Any CPU.Build.0 = Debug|Any CPU
		{A984DD60-B6DD-4800-B4C2-582778DB1353}.Release|Any CPU.ActiveCfg = Release|Any CPU
		{A984DD60-B6DD-4800-B4C2-582778DB1353}.Release|Any CPU.Build.0 = Release|Any CPU
		{C6109E38-8CAA-4329-8943-BB6497622EC5}.Debug|Any CPU.ActiveCfg = Debug|Any CPU
		{C6109E38-8CAA-4329-8943-BB6497622EC5}.Debug|Any CPU.Build.0 = Debug|Any CPU
		{C6109E38-8CAA-4329-8943-BB6497622EC5}.Release|Any CPU.ActiveCfg = Release|Any CPU
		{C6109E38-8CAA-4329-8943-BB6497622EC5}.Release|Any CPU.Build.0 = Release|Any CPU
		{C658EA96-23C8-4937-A10B-74159BF13C7D}.Debug|Any CPU.ActiveCfg = Debug|Any CPU
		{C658EA96-23C8-4937-A10B-74159BF13C7D}.Debug|Any CPU.Build.0 = Debug|Any CPU
		{C658EA96-23C8-4937-A10B-74159BF13C7D}.Release|Any CPU.ActiveCfg = Release|Any CPU
		{C658EA96-23C8-4937-A10B-74159BF13C7D}.Release|Any CPU.Build.0 = Release|Any CPU
		{2ECEC177-3594-421A-8340-24B4C3EDAB1B}.Debug|Any CPU.ActiveCfg = Debug|Any CPU
		{2ECEC177-3594-421A-8340-24B4C3EDAB1B}.Debug|Any CPU.Build.0 = Debug|Any CPU
		{2ECEC177-3594-421A-8340-24B4C3EDAB1B}.Release|Any CPU.ActiveCfg = Release|Any CPU
		{2ECEC177-3594-421A-8340-24B4C3EDAB1B}.Release|Any CPU.Build.0 = Release|Any CPU
		{55BB5F1E-FA12-40FE-B7D7-EA06423A5CE9}.Debug|Any CPU.ActiveCfg = Debug|Any CPU
		{55BB5F1E-FA12-40FE-B7D7-EA06423A5CE9}.Debug|Any CPU.Build.0 = Debug|Any CPU
		{55BB5F1E-FA12-40FE-B7D7-EA06423A5CE9}.Release|Any CPU.ActiveCfg = Release|Any CPU
		{55BB5F1E-FA12-40FE-B7D7-EA06423A5CE9}.Release|Any CPU.Build.0 = Release|Any CPU
	EndGlobalSection
	GlobalSection(SolutionProperties) = preSolution
		HideSolutionNode = FALSE
	EndGlobalSection
	GlobalSection(ExtensibilityGlobals) = postSolution
		SolutionGuid = {8050E0CE-A8B3-4DD8-8845-172A5DD4CB09}
	EndGlobalSection
EndGlobal
